
Microsoft Visual Studio Solution File, Format Version 12.00
# Visual Studio Version 16
VisualStudioVersion = 16.0.30104.148
MinimumVisualStudioVersion = 10.0.40219.1
Project("{FAE04EC0-301F-11D3-BF4B-00C04F79EFBC}") = "Funda", "Funda\Funda.csproj", "{86B9F3B4-D1F7-4260-A4CE-914B28E32665}"
EndProject
Project("{FAE04EC0-301F-11D3-BF4B-00C04F79EFBC}") = "Funda.Tests", "Funda.Tests\Funda.Tests.csproj", "{A4B27600-179A-46BD-A7DD-0C3C797CBAA6}"
EndProject
Global
	GlobalSection(SolutionConfigurationPlatforms) = preSolution
		Debug|Any CPU = Debug|Any CPU
		Release|Any CPU = Release|Any CPU
	EndGlobalSection
	GlobalSection(ProjectConfigurationPlatforms) = postSolution
		{86B9F3B4-D1F7-4260-A4CE-914B28E32665}.Debug|Any CPU.ActiveCfg = Debug|Any CPU
		{86B9F3B4-D1F7-4260-A4CE-914B28E32665}.Debug|Any CPU.Build.0 = Debug|Any CPU
		{86B9F3B4-D1F7-4260-A4CE-914B28E32665}.Release|Any CPU.ActiveCfg = Release|Any CPU
		{86B9F3B4-D1F7-4260-A4CE-914B28E32665}.Release|Any CPU.Build.0 = Release|Any CPU
		{A4B27600-179A-46BD-A7DD-0C3C797CBAA6}.Debug|Any CPU.ActiveCfg = Debug|Any CPU
		{A4B27600-179A-46BD-A7DD-0C3C797CBAA6}.Debug|Any CPU.Build.0 = Debug|Any CPU
		{A4B27600-179A-46BD-A7DD-0C3C797CBAA6}.Release|Any CPU.ActiveCfg = Release|Any CPU
		{A4B27600-179A-46BD-A7DD-0C3C797CBAA6}.Release|Any CPU.Build.0 = Release|Any CPU
	EndGlobalSection
	GlobalSection(SolutionProperties) = preSolution
		HideSolutionNode = FALSE
	EndGlobalSection
	GlobalSection(ExtensibilityGlobals) = postSolution
		SolutionGuid = {B5976A91-75F0-4E10-A428-19F5C0A1FA1E}
	EndGlobalSection
EndGlobal
